
Microsoft Visual Studio Solution File, Format Version 12.00
# Visual Studio Version 17
VisualStudioVersion = 17.8.34309.116
MinimumVisualStudioVersion = 10.0.40219.1
Project("{FAE04EC0-301F-11D3-BF4B-00C04F79EFBC}") = "Project", "Project\Project.csproj", "{3D41644F-AADC-480E-A550-DE0B767F6A8E}"
EndProject
Global
	GlobalSection(SolutionConfigurationPlatforms) = preSolution
		Debug|Any CPU = Debug|Any CPU
		Release|Any CPU = Release|Any CPU
	EndGlobalSection
	GlobalSection(ProjectConfigurationPlatforms) = postSolution
		{3D41644F-AADC-480E-A550-DE0B767F6A8E}.Debug|Any CPU.ActiveCfg = Debug|Any CPU
		{3D41644F-AADC-480E-A550-DE0B767F6A8E}.Debug|Any CPU.Build.0 = Debug|Any CPU
		{3D41644F-AADC-480E-A550-DE0B767F6A8E}.Release|Any CPU.ActiveCfg = Release|Any CPU
		{3D41644F-AADC-480E-A550-DE0B767F6A8E}.Release|Any CPU.Build.0 = Release|Any CPU
	EndGlobalSection
	GlobalSection(SolutionProperties) = preSolution
		HideSolutionNode = FALSE
	EndGlobalSection
	GlobalSection(ExtensibilityGlobals) = postSolution
		SolutionGuid = {AF91905A-88C8-4E4E-AD3B-C0511C4DE857}
	EndGlobalSection
EndGlobal
